{
  "name": "tags",
  "version": "1.0.0",
  "lockfileVersion": 2,
  "requires": true,
  "packages": {
    "": {
      "name": "tags",
      "version": "1.0.0",
      "license": "ISC",
      "dependencies": {
        "d3-cloud": "file:../d3-cloud"
      }
    },
    "../d3-cloud": {
      "version": "1.0.0",
      "license": "ISC",
      "dependencies": {
        "canvas": "^2.11.2",
        "d3": "^7.8.5",
        "d3-dispatch": "^3.0.1"
      }
    },
    "node_modules/d3-cloud": {
      "resolved": "../d3-cloud",
      "link": true
    }
  },
  "dependencies": {
    "d3-cloud": {
      "version": "file:../d3-cloud",
      "requires": {
        "canvas": "^2.11.2",
        "d3": "^7.8.5",
        "d3-dispatch": "^3.0.1"
      }
    }
  }
}
